lockfileVersion: 5.3

specifiers:
  '@telecraft/types': workspace:../types
  '@types/node': ^14.17.9
  telegraf: ^4.4.1
  tslib: ^2.3.1
  typescript: ^4.3.5

dependencies:
  '@telecraft/types': link:../types
  telegraf: 4.4.1
  tslib: 2.3.1

devDependencies:
  '@types/node': 14.17.9
  typescript: 4.3.5

packages:

  /@types/node/14.17.9:
    resolution: {integrity: sha512-CMjgRNsks27IDwI785YMY0KLt3co/c0cQ5foxHYv/shC2w8oOnVwz5Ubq1QG5KzrcW+AXk6gzdnxIkDnTvzu3g==}
    dev: true

  /abort-controller/3.0.0:
    resolution: {integrity: sha512-h8lQ8tacZYnR3vNQTgibj+tODHI5/+l06Au2Pcriv/Gmet0eaj4TwWH41sO9wnHDiQsEj19q0drzdWdeAHtweg==}
    engines: {node: '>=6.5'}
    dependencies:
      event-target-shim: 5.0.1
    dev: false

  /buffer-alloc-unsafe/1.1.0:
    resolution: {integrity: sha512-TEM2iMIEQdJ2yjPJoSIsldnleVaAk1oW3DBVUykyOLsEsFmEc9kn+SFFPz+gl54KQNxlDnAwCXosOS9Okx2xAg==}
    dev: false

  /buffer-alloc/1.2.0:
    resolution: {integrity: sha512-CFsHQgjtW1UChdXgbyJGtnm+O/uLQeZdtbDo8mfUgYXCHSM1wgrVxXm6bSyrUuErEb+4sYVGCzASBRot7zyrow==}
    dependencies:
      buffer-alloc-unsafe: 1.1.0
      buffer-fill: 1.0.0
    dev: false

  /buffer-fill/1.0.0:
    resolution: {integrity: sha1-+PeLdniYiO858gXNY39o5wISKyw=}
    dev: false

  /debug/4.3.2:
    resolution: {integrity: sha512-mOp8wKcvj7XxC78zLgw/ZA+6TSgkoE2C/ienthhRD298T7UNwAg9diBpLRxC0mOezLl4B0xV7M0cCO6P/O0Xhw==}
    engines: {node: '>=6.0'}
    peerDependencies:
      supports-color: '*'
    peerDependenciesMeta:
      supports-color:
        optional: true
    dependencies:
      ms: 2.1.2
    dev: false

  /event-target-shim/5.0.1:
    resolution: {integrity: sha512-i/2XbnSz/uxRCU6+NdVJgKWDTM427+MqYbkQzD321DuCQJUqOuJKIA0IM2+W2xtYHdKOmZ4dR6fExsd4SXL+WQ==}
    engines: {node: '>=6'}
    dev: false

  /minimist/1.2.5:
    resolution: {integrity: sha512-FM9nNUYrRBAELZQT3xeZQ7fmMOBg6nWNmJKTcgsJeaLstP/UODVpGsr5OhXhhXg6f+qtJ8uiZ+PUxkDWcgIXLw==}
    dev: false

  /module-alias/2.2.2:
    resolution: {integrity: sha512-A/78XjoX2EmNvppVWEhM2oGk3x4lLxnkEA4jTbaK97QKSDjkIoOsKQlfylt/d3kKKi596Qy3NP5XrXJ6fZIC9Q==}
    dev: false

  /ms/2.1.2:
    resolution: {integrity: sha512-sGkPx+VjMtmA6MX27oA4FBFELFCZZ4S4XqeGOXCv68tT+jb3vk/RyaKWP0PTKyWtmLSM0b+adUTEvbs1PEaH2w==}
    dev: false

  /node-fetch/2.6.1:
    resolution: {integrity: sha512-V4aYg89jEoVRxRb2fJdAg8FHvI7cEyYdVAh94HH0UIK8oJxUfkjlDQN9RbMx+bEjP7+ggMiFRprSti032Oipxw==}
    engines: {node: 4.x || >=6.0.0}
    dev: false

  /p-timeout/4.1.0:
    resolution: {integrity: sha512-+/wmHtzJuWii1sXn3HCuH/FTwGhrp4tmJTxSKJbfS+vkipci6osxXM5mY0jUiRzWKMTgUT8l7HFbeSwZAynqHw==}
    engines: {node: '>=10'}
    dev: false

  /safe-compare/1.1.4:
    resolution: {integrity: sha512-b9wZ986HHCo/HbKrRpBJb2kqXMK9CEWIE1egeEvZsYn69ay3kdfl9nG3RyOcR+jInTDf7a86WQ1d4VJX7goSSQ==}
    dependencies:
      buffer-alloc: 1.2.0
    dev: false

  /sandwich-stream/2.0.2:
    resolution: {integrity: sha512-jLYV0DORrzY3xaz/S9ydJL6Iz7essZeAfnAavsJ+zsJGZ1MOnsS52yRjU3uF3pJa/lla7+wisp//fxOwOH8SKQ==}
    engines: {node: '>= 0.10'}
    dev: false

  /telegraf/4.4.1:
    resolution: {integrity: sha512-jxV8fC/K6abcUTlhy/l8txJAmEJIkJoDu/cN0yXOJWLp9csfLIp+cD4qlwJ6ko+4EgOJmNZvWK7Tr2dxKolJQQ==}
    engines: {node: ^12.20.0 || >=14.13.1}
    hasBin: true
    dependencies:
      abort-controller: 3.0.0
      debug: 4.3.2
      minimist: 1.2.5
      module-alias: 2.2.2
      node-fetch: 2.6.1
      p-timeout: 4.1.0
      safe-compare: 1.1.4
      sandwich-stream: 2.0.2
      typegram: 3.4.3
    transitivePeerDependencies:
      - supports-color
    dev: false

  /tslib/2.3.1:
    resolution: {integrity: sha512-77EbyPPpMz+FRFRuAFlWMtmgUWGe9UOG2Z25NqCwiIjRhOf5iKGuzSe5P2w1laq+FkRy4p+PCuVkJSGkzTEKVw==}
    dev: false

  /typegram/3.4.3:
    resolution: {integrity: sha512-pH0TQJzCWM2+7y6yiBoQVNt7PO9ZvAu/lQukVx4sm68FIBBZEBWI+2MzuMcdbwrD5mD5NrEMAyml9N6DupUZag==}
    dev: false

  /typescript/4.3.5:
    resolution: {integrity: sha512-DqQgihaQ9cUrskJo9kIyW/+g0Vxsk8cDtZ52a3NGh0YNTfpUSArXSohyUGnvbPazEPLu398C0UxmKSOrPumUzA==}
    engines: {node: '>=4.2.0'}
    hasBin: true
    dev: true
