dependencies:
  '@telecraft/types': 0.2.0
  '@types/node': 14.0.14
devDependencies:
  tslib: 2.0.0
  typescript: 3.9.5
lockfileVersion: 5.1
packages:
  /@telecraft/types/0.2.0:
    dev: false
    resolution:
      integrity: sha512-PFmyF4bxn/Vaf8lji34iuqQwpMQLLqC9d6rWf36ifghpB5EhVhqF/ZAwJRbVBqnLsocRH4s4GKgjwBuSvlHbOQ==
  /@types/node/14.0.14:
    dev: false
    resolution:
      integrity: sha512-syUgf67ZQpaJj01/tRTknkMNoBBLWJOBODF0Zm4NrXmiSuxjymFrxnTu1QVYRubhVkRcZLYZG8STTwJRdVm/WQ==
  /tslib/2.0.0:
    dev: true
    resolution:
      integrity: sha512-lTqkx847PI7xEDYJntxZH89L2/aXInsyF2luSafe/+0fHOMjlBNXdH6th7f70qxLDhul7KZK0zC8V5ZIyHl0/g==
  /typescript/3.9.5:
    dev: true
    engines:
      node: '>=4.2.0'
    hasBin: true
    resolution:
      integrity: sha512-hSAifV3k+i6lEoCJ2k6R2Z/rp/H3+8sdmcn5NrS3/3kE7+RyZXm9aqvxWqjEXHAd8b0pShatpcdMTvEdvAJltQ==
specifiers:
  '@telecraft/types': ^0.2.0
  '@types/node': ^14.0.14
  tslib: ^2.0.0
  typescript: ^3.9.5
