dependencies:
  '@telecraft/types': 'link:../types'
  leveldown: 5.6.0
  levelup: 4.4.0
  tslib: 2.0.0
devDependencies:
  '@types/leveldown': 4.0.2
  '@types/levelup': 4.3.0
  '@types/node': 14.0.14
  typescript: 4.1.3
lockfileVersion: 5.2
packages:
  /@types/abstract-leveldown/5.0.1:
    dev: true
    resolution:
      integrity: sha512-wYxU3kp5zItbxKmeRYCEplS2MW7DzyBnxPGj+GJVHZEUZiK/nn5Ei1sUFgURDh+X051+zsGe28iud3oHjrYWQQ==
  /@types/leveldown/4.0.2:
    dependencies:
      '@types/abstract-leveldown': 5.0.1
      '@types/node': 14.6.4
    dev: true
    resolution:
      integrity: sha512-VW6QbUnPb5yLbUBcXEh93lFNphyxkBul7Ae41OCgROd76WfLM3qzAbuzErx1LtsTqwcNlbavTr9rWXHCiGVF8A==
  /@types/levelup/4.3.0:
    dependencies:
      '@types/abstract-leveldown': 5.0.1
      '@types/node': 14.6.4
    dev: true
    resolution:
      integrity: sha512-h82BoajhjU/zwLoM4BUBX/SCodCFi1ae/ZlFOYh5Z4GbHeaXj9H709fF1LYl/StrK8KSwnJOeMRPo9lnC6sz4w==
  /@types/node/14.0.14:
    dev: true
    resolution:
      integrity: sha512-syUgf67ZQpaJj01/tRTknkMNoBBLWJOBODF0Zm4NrXmiSuxjymFrxnTu1QVYRubhVkRcZLYZG8STTwJRdVm/WQ==
  /@types/node/14.6.4:
    dev: true
    resolution:
      integrity: sha512-Wk7nG1JSaMfMpoMJDKUsWYugliB2Vy55pdjLpmLixeyMi7HizW2I/9QoxsPCkXl3dO+ZOVqPumKaDUv5zJu2uQ==
  /abstract-leveldown/6.2.3:
    dependencies:
      buffer: 5.6.0
      immediate: 3.3.0
      level-concat-iterator: 2.0.1
      level-supports: 1.0.1
      xtend: 4.0.2
    dev: false
    engines:
      node: '>=6'
    resolution:
      integrity: sha512-BsLm5vFMRUrrLeCcRc+G0t2qOaTzpoJQLOubq2XM72eNpjF5UdU5o/5NvlNhx95XHcAvcl8OMXr4mlg/fRgUXQ==
  /base64-js/1.3.1:
    dev: false
    resolution:
      integrity: sha512-mLQ4i2QO1ytvGWFWmcngKO//JXAQueZvwEKtjgQFM4jIK0kU+ytMfplL8j+n5mspOfjHwoAg+9yhb7BwAHm36g==
  /buffer/5.6.0:
    dependencies:
      base64-js: 1.3.1
      ieee754: 1.1.13
    dev: false
    resolution:
      integrity: sha512-/gDYp/UtU0eA1ys8bOs9J6a+E/KWIY+DZ+Q2WESNUA0jFRsJOc0SNUO6xJ5SGA1xueg3NL65W6s+NY5l9cunuw==
  /deferred-leveldown/5.3.0:
    dependencies:
      abstract-leveldown: 6.2.3
      inherits: 2.0.4
    dev: false
    engines:
      node: '>=6'
    resolution:
      integrity: sha512-a59VOT+oDy7vtAbLRCZwWgxu2BaCfd5Hk7wxJd48ei7I+nsg8Orlb9CLG0PMZienk9BSUKgeAqkO2+Lw+1+Ukw==
  /errno/0.1.7:
    dependencies:
      prr: 1.0.1
    dev: false
    hasBin: true
    resolution:
      integrity: sha512-MfrRBDWzIWifgq6tJj60gkAwtLNb6sQPlcFrSOflcP1aFmmruKQ2wRnze/8V6kgyz7H3FF8Npzv78mZ7XLLflg==
  /ieee754/1.1.13:
    dev: false
    resolution:
      integrity: sha512-4vf7I2LYV/HaWerSo3XmlMkp5eZ83i+/CDluXi/IGTs/O1sejBNhTtnxzmRZfvOUqj7lZjqHkeTvpgSFDlWZTg==
  /immediate/3.3.0:
    dev: false
    resolution:
      integrity: sha512-HR7EVodfFUdQCTIeySw+WDRFJlPcLOJbXfwwZ7Oom6tjsvZ3bOkCDJHehQC3nxJrv7+f9XecwazynjU8e4Vw3Q==
  /inherits/2.0.4:
    dev: false
    resolution:
      integrity: sha512-k/vGaX4/Yla3WzyMCvTQOXYeIHvqOKtnqBduzTHpzpQZzAskKMhZ2K+EnBiSM9zGSoIFeMpXKxa4dYeZIQqewQ==
  /level-concat-iterator/2.0.1:
    dev: false
    engines:
      node: '>=6'
    resolution:
      integrity: sha512-OTKKOqeav2QWcERMJR7IS9CUo1sHnke2C0gkSmcR7QuEtFNLLzHQAvnMw8ykvEcv0Qtkg0p7FOwP1v9e5Smdcw==
  /level-errors/2.0.1:
    dependencies:
      errno: 0.1.7
    dev: false
    engines:
      node: '>=6'
    resolution:
      integrity: sha512-UVprBJXite4gPS+3VznfgDSU8PTRuVX0NXwoWW50KLxd2yw4Y1t2JUR5In1itQnudZqRMT9DlAM3Q//9NCjCFw==
  /level-iterator-stream/4.0.2:
    dependencies:
      inherits: 2.0.4
      readable-stream: 3.6.0
      xtend: 4.0.2
    dev: false
    engines:
      node: '>=6'
    resolution:
      integrity: sha512-ZSthfEqzGSOMWoUGhTXdX9jv26d32XJuHz/5YnuHZzH6wldfWMOVwI9TBtKcya4BKTyTt3XVA0A3cF3q5CY30Q==
  /level-supports/1.0.1:
    dependencies:
      xtend: 4.0.2
    dev: false
    engines:
      node: '>=6'
    resolution:
      integrity: sha512-rXM7GYnW8gsl1vedTJIbzOrRv85c/2uCMpiiCzO2fndd06U/kUXEEU9evYn4zFggBOg36IsBW8LzqIpETwwQzg==
  /leveldown/5.6.0:
    dependencies:
      abstract-leveldown: 6.2.3
      napi-macros: 2.0.0
      node-gyp-build: 4.1.1
    dev: false
    engines:
      node: '>=8.6.0'
    requiresBuild: true
    resolution:
      integrity: sha512-iB8O/7Db9lPaITU1aA2txU/cBEXAt4vWwKQRrrWuS6XDgbP4QZGj9BL2aNbwb002atoQ/lIotJkfyzz+ygQnUQ==
  /levelup/4.4.0:
    dependencies:
      deferred-leveldown: 5.3.0
      level-errors: 2.0.1
      level-iterator-stream: 4.0.2
      level-supports: 1.0.1
      xtend: 4.0.2
    dev: false
    engines:
      node: '>=6'
    resolution:
      integrity: sha512-94++VFO3qN95cM/d6eBXvd894oJE0w3cInq9USsyQzzoJxmiYzPAocNcuGCPGGjoXqDVJcr3C1jzt1TSjyaiLQ==
  /napi-macros/2.0.0:
    dev: false
    resolution:
      integrity: sha512-A0xLykHtARfueITVDernsAWdtIMbOJgKgcluwENp3AlsKN/PloyO10HtmoqnFAQAcxPkgZN7wdfPfEd0zNGxbg==
  /node-gyp-build/4.1.1:
    dev: false
    hasBin: true
    resolution:
      integrity: sha512-dSq1xmcPDKPZ2EED2S6zw/b9NKsqzXRE6dVr8TVQnI3FJOTteUMuqF3Qqs6LZg+mLGYJWqQzMbIjMtJqTv87nQ==
  /prr/1.0.1:
    dev: false
    resolution:
      integrity: sha1-0/wRS6BplaRexok/SEzrHXj19HY=
  /readable-stream/3.6.0:
    dependencies:
      inherits: 2.0.4
      string_decoder: 1.3.0
      util-deprecate: 1.0.2
    dev: false
    engines:
      node: '>= 6'
    resolution:
      integrity: sha512-BViHy7LKeTz4oNnkcLJ+lVSL6vpiFeX6/d3oSH8zCW7UxP2onchk+vTGB143xuFjHS3deTgkKoXXymXqymiIdA==
  /safe-buffer/5.2.1:
    dev: false
    resolution:
      integrity: sha512-rp3So07KcdmmKbGvgaNxQSJr7bGVSVk5S9Eq1F+ppbRo70+YeaDxkw5Dd8NPN+GD6bjnYm2VuPuCXmpuYvmCXQ==
  /string_decoder/1.3.0:
    dependencies:
      safe-buffer: 5.2.1
    dev: false
    resolution:
      integrity: sha512-hkRX8U1WjJFd8LsDJ2yQ/wWWxaopEsABU1XfkM8A+j0+85JAGppt16cr1Whg6KIbb4okU6Mql6BOj+uup/wKeA==
  /tslib/2.0.0:
    dev: false
    resolution:
      integrity: sha512-lTqkx847PI7xEDYJntxZH89L2/aXInsyF2luSafe/+0fHOMjlBNXdH6th7f70qxLDhul7KZK0zC8V5ZIyHl0/g==
  /typescript/4.1.3:
    dev: true
    engines:
      node: '>=4.2.0'
    hasBin: true
    resolution:
      integrity: sha512-B3ZIOf1IKeH2ixgHhj6la6xdwR9QrLC5d1VKeCSY4tvkqhF2eqd9O7txNlS0PO3GrBAFIdr3L1ndNwteUbZLYg==
  /util-deprecate/1.0.2:
    dev: false
    resolution:
      integrity: sha1-RQ1Nyfpw3nMnYvvS1KKJgUGaDM8=
  /xtend/4.0.2:
    dev: false
    engines:
      node: '>=0.4'
    resolution:
      integrity: sha512-LKYU1iAXJXUgAXn9URjiu+MWhyUXHsvfp7mcuYm9dSUKK0/CjtrUwFAxD82/mCWbtLsGjFIad0wIsod4zrTAEQ==
specifiers:
  '@telecraft/types': 'workspace:*'
  '@types/leveldown': ^4.0.2
  '@types/levelup': ^4.3.0
  '@types/node': ^14.0.14
  leveldown: ^5.6.0
  levelup: ^4.4.0
  tslib: ^2.0.0
  typescript: ^4.1.3
