lockfileVersion: 5.3

specifiers:
  '@telecraft/auth': workspace:../auth
  '@telecraft/core': workspace:../core
  '@telecraft/discord': workspace:../discord
  '@telecraft/parser': workspace:../parser
  '@telecraft/store': workspace:../store
  '@telecraft/telegram': workspace:../telegram
  '@telecraft/youtube': workspace:../youtube
  '@types/node': ^14.17.9
  tslib: ^2.3.1
  typescript: ^4.3.5

dependencies:
  '@telecraft/auth': link:../auth
  '@telecraft/core': link:../core
  '@telecraft/discord': link:../discord
  '@telecraft/parser': link:../parser
  '@telecraft/store': link:../store
  '@telecraft/telegram': link:../telegram
  '@telecraft/youtube': link:../youtube
  '@types/node': 14.17.9
  tslib: 2.3.1

devDependencies:
  typescript: 4.3.5

packages:

  /@types/node/14.17.9:
    resolution: {integrity: sha512-CMjgRNsks27IDwI785YMY0KLt3co/c0cQ5foxHYv/shC2w8oOnVwz5Ubq1QG5KzrcW+AXk6gzdnxIkDnTvzu3g==}
    dev: false

  /tslib/2.3.1:
    resolution: {integrity: sha512-77EbyPPpMz+FRFRuAFlWMtmgUWGe9UOG2Z25NqCwiIjRhOf5iKGuzSe5P2w1laq+FkRy4p+PCuVkJSGkzTEKVw==}
    dev: false

  /typescript/4.3.5:
    resolution: {integrity: sha512-DqQgihaQ9cUrskJo9kIyW/+g0Vxsk8cDtZ52a3NGh0YNTfpUSArXSohyUGnvbPazEPLu398C0UxmKSOrPumUzA==}
    engines: {node: '>=4.2.0'}
    hasBin: true
    dev: true
